
Microsoft Visual Studio Solution File, Format Version 12.00
# Visual Studio 15
VisualStudioVersion = 15.0.28307.489
MinimumVisualStudioVersion = 10.0.40219.1
Project("{FAE04EC0-301F-11D3-BF4B-00C04F79EFBC}") = "HelpDesk.Web", "HelpDesk.Web\HelpDesk.Web.csproj", "{F8352502-039C-4C1B-8BB7-9DE114DE79E5}"
EndProject
Project("{FAE04EC0-301F-11D3-BF4B-00C04F79EFBC}") = "HelpDesk.BLL", "HelpDesk.BLL\HelpDesk.BLL.csproj", "{1AE83B5D-A4A2-413C-851F-F699BAFB4DE3}"
EndProject
Project("{FAE04EC0-301F-11D3-BF4B-00C04F79EFBC}") = "HelpDesk.DAL", "HelpDesk.DAL\HelpDesk.DAL.csproj", "{88B074A3-D58A-4012-B569-1554EF269C89}"
EndProject
Project("{FAE04EC0-301F-11D3-BF4B-00C04F79EFBC}") = "HelpDesk.Models", "HelpDesk.Models\HelpDesk.Models.csproj", "{35D6D681-AE23-4008-8DCE-1AA1955E8E48}"
EndProject
Project("{2150E333-8FDC-42A3-9474-1A3956D46DE8}") = "Proje", "Proje", "{6E5DACD0-C947-4729-97CF-1C4CA2136E49}"
EndProject
Project("{2150E333-8FDC-42A3-9474-1A3956D46DE8}") = "Tema", "Tema", "{7F22D71C-1580-418A-B8D4-78A379266AD1}"
EndProject
Project("{FAE04EC0-301F-11D3-BF4B-00C04F79EFBC}") = "HelpDesk.Theme", "HelpDesk.Theme\HelpDesk.Theme.csproj", "{9A4262F2-867B-46DE-B72F-41A87BF82ECA}"
EndProject
Global
	GlobalSection(SolutionConfigurationPlatforms) = preSolution
		Debug|Any CPU = Debug|Any CPU
		Release|Any CPU = Release|Any CPU
	EndGlobalSection
	GlobalSection(ProjectConfigurationPlatforms) = postSolution
		{F8352502-039C-4C1B-8BB7-9DE114DE79E5}.Debug|Any CPU.ActiveCfg = Debug|Any CPU
		{F8352502-039C-4C1B-8BB7-9DE114DE79E5}.Debug|Any CPU.Build.0 = Debug|Any CPU
		{F8352502-039C-4C1B-8BB7-9DE114DE79E5}.Release|Any CPU.ActiveCfg = Release|Any CPU
		{F8352502-039C-4C1B-8BB7-9DE114DE79E5}.Release|Any CPU.Build.0 = Release|Any CPU
		{1AE83B5D-A4A2-413C-851F-F699BAFB4DE3}.Debug|Any CPU.ActiveCfg = Debug|Any CPU
		{1AE83B5D-A4A2-413C-851F-F699BAFB4DE3}.Debug|Any CPU.Build.0 = Debug|Any CPU
		{1AE83B5D-A4A2-413C-851F-F699BAFB4DE3}.Release|Any CPU.ActiveCfg = Release|Any CPU
		{1AE83B5D-A4A2-413C-851F-F699BAFB4DE3}.Release|Any CPU.Build.0 = Release|Any CPU
		{88B074A3-D58A-4012-B569-1554EF269C89}.Debug|Any CPU.ActiveCfg = Debug|Any CPU
		{88B074A3-D58A-4012-B569-1554EF269C89}.Debug|Any CPU.Build.0 = Debug|Any CPU
		{88B074A3-D58A-4012-B569-1554EF269C89}.Release|Any CPU.ActiveCfg = Release|Any CPU
		{88B074A3-D58A-4012-B569-1554EF269C89}.Release|Any CPU.Build.0 = Release|Any CPU
		{35D6D681-AE23-4008-8DCE-1AA1955E8E48}.Debug|Any CPU.ActiveCfg = Debug|Any CPU
		{35D6D681-AE23-4008-8DCE-1AA1955E8E48}.Debug|Any CPU.Build.0 = Debug|Any CPU
		{35D6D681-AE23-4008-8DCE-1AA1955E8E48}.Release|Any CPU.ActiveCfg = Release|Any CPU
		{35D6D681-AE23-4008-8DCE-1AA1955E8E48}.Release|Any CPU.Build.0 = Release|Any CPU
		{9A4262F2-867B-46DE-B72F-41A87BF82ECA}.Debug|Any CPU.ActiveCfg = Debug|Any CPU
		{9A4262F2-867B-46DE-B72F-41A87BF82ECA}.Debug|Any CPU.Build.0 = Debug|Any CPU
		{9A4262F2-867B-46DE-B72F-41A87BF82ECA}.Release|Any CPU.ActiveCfg = Release|Any CPU
		{9A4262F2-867B-46DE-B72F-41A87BF82ECA}.Release|Any CPU.Build.0 = Release|Any CPU
	EndGlobalSection
	GlobalSection(SolutionProperties) = preSolution
		HideSolutionNode = FALSE
	EndGlobalSection
	GlobalSection(NestedProjects) = preSolution
		{F8352502-039C-4C1B-8BB7-9DE114DE79E5} = {6E5DACD0-C947-4729-97CF-1C4CA2136E49}
		{1AE83B5D-A4A2-413C-851F-F699BAFB4DE3} = {6E5DACD0-C947-4729-97CF-1C4CA2136E49}
		{88B074A3-D58A-4012-B569-1554EF269C89} = {6E5DACD0-C947-4729-97CF-1C4CA2136E49}
		{35D6D681-AE23-4008-8DCE-1AA1955E8E48} = {6E5DACD0-C947-4729-97CF-1C4CA2136E49}
		{9A4262F2-867B-46DE-B72F-41A87BF82ECA} = {7F22D71C-1580-418A-B8D4-78A379266AD1}
	EndGlobalSection
	GlobalSection(ExtensibilityGlobals) = postSolution
		SolutionGuid = {5E137303-8F71-4CDB-AAF8-2B984CE6D8FB}
	EndGlobalSection
EndGlobal
